
Microsoft Visual Studio Solution File, Format Version 12.00
# Visual Studio Version 16
VisualStudioVersion = 16.0.31729.503
MinimumVisualStudioVersion = 10.0.40219.1
Project("{FAE04EC0-301F-11D3-BF4B-00C04F79EFBC}") = "Dashboard", "Dashboard\Dashboard.csproj", "{B42D71E9-7418-4E92-B6AA-1F65F11EDE57}"
EndProject
Global
	GlobalSection(SolutionConfigurationPlatforms) = preSolution
		Debug|Any CPU = Debug|Any CPU
		Release|Any CPU = Release|Any CPU
	EndGlobalSection
	GlobalSection(ProjectConfigurationPlatforms) = postSolution
		{B42D71E9-7418-4E92-B6AA-1F65F11EDE57}.Debug|Any CPU.ActiveCfg = Debug|Any CPU
		{B42D71E9-7418-4E92-B6AA-1F65F11EDE57}.Debug|Any CPU.Build.0 = Debug|Any CPU
		{B42D71E9-7418-4E92-B6AA-1F65F11EDE57}.Release|Any CPU.ActiveCfg = Release|Any CPU
		{B42D71E9-7418-4E92-B6AA-1F65F11EDE57}.Release|Any CPU.Build.0 = Release|Any CPU
	EndGlobalSection
	GlobalSection(SolutionProperties) = preSolution
		HideSolutionNode = FALSE
	EndGlobalSection
	GlobalSection(ExtensibilityGlobals) = postSolution
		SolutionGuid = {51A159A7-EED2-440D-8707-A4C104796040}
	EndGlobalSection
EndGlobal
